
Microsoft Visual Studio Solution File, Format Version 12.00
# Visual Studio 14
VisualStudioVersion = 14.0.23107.0
MinimumVisualStudioVersion = 10.0.40219.1
Project("{8BB2217D-0F2D-49D1-97BC-3654ED321F3B}") = "Autofac.Extras.AggregateService", "src\Autofac.Extras.AggregateService\Autofac.Extras.AggregateService.xproj", "{1D24C6ED-9A6E-4082-A79C-A3F5B88FC947}"
EndProject
Project("{8BB2217D-0F2D-49D1-97BC-3654ED321F3B}") = "Autofac.Extras.AggregateService.Test", "test\Autofac.Extras.AggregateService.Test\Autofac.Extras.AggregateService.Test.xproj", "{4BCA97A6-BF40-4B29-B025-0F53A6E4A682}"
EndProject
Global
	GlobalSection(SolutionConfigurationPlatforms) = preSolution
		Debug|Any CPU = Debug|Any CPU
		Release|Any CPU = Release|Any CPU
	EndGlobalSection
	GlobalSection(ProjectConfigurationPlatforms) = postSolution
		{1D24C6ED-9A6E-4082-A79C-A3F5B88FC947}.Debug|Any CPU.ActiveCfg = Debug|Any CPU
		{1D24C6ED-9A6E-4082-A79C-A3F5B88FC947}.Debug|Any CPU.Build.0 = Debug|Any CPU
		{1D24C6ED-9A6E-4082-A79C-A3F5B88FC947}.Release|Any CPU.ActiveCfg = Release|Any CPU
		{1D24C6ED-9A6E-4082-A79C-A3F5B88FC947}.Release|Any CPU.Build.0 = Release|Any CPU
		{4BCA97A6-BF40-4B29-B025-0F53A6E4A682}.Debug|Any CPU.ActiveCfg = Debug|Any CPU
		{4BCA97A6-BF40-4B29-B025-0F53A6E4A682}.Debug|Any CPU.Build.0 = Debug|Any CPU
		{4BCA97A6-BF40-4B29-B025-0F53A6E4A682}.Release|Any CPU.ActiveCfg = Release|Any CPU
		{4BCA97A6-BF40-4B29-B025-0F53A6E4A682}.Release|Any CPU.Build.0 = Release|Any CPU
	EndGlobalSection
	GlobalSection(SolutionProperties) = preSolution
		HideSolutionNode = FALSE
	EndGlobalSection
EndGlobal
