
Microsoft Visual Studio Solution File, Format Version 12.00
# Visual Studio Version 16
VisualStudioVersion = 16.0.30114.105
MinimumVisualStudioVersion = 10.0.40219.1
Project("{9A19103F-16F7-4668-BE54-9A1E7A4F7556}") = "Autofac.Extras.AggregateService", "src\Autofac.Extras.AggregateService\Autofac.Extras.AggregateService.csproj", "{A885ADCA-BFD9-45EA-AE5B-40E457954AD4}"
EndProject
Project("{9A19103F-16F7-4668-BE54-9A1E7A4F7556}") = "Autofac.Extras.AggregateService.Test", "test\Autofac.Extras.AggregateService.Test\Autofac.Extras.AggregateService.Test.csproj", "{48B716B8-716E-4D71-8BD3-0BB4B6E35726}"
EndProject
Project("{2150E333-8FDC-42A3-9474-1A3956D46DE8}") = "Solution Items", "Solution Items", "{0BD0EC59-47FF-4D3F-A6D5-2E0BF8E24F8B}"
	ProjectSection(SolutionItems) = preProject
		appveyor.yml = appveyor.yml
		NuGet.Config = NuGet.Config
	EndProjectSection
EndProject
Global
	GlobalSection(SolutionConfigurationPlatforms) = preSolution
		Debug|Any CPU = Debug|Any CPU
		Release|Any CPU = Release|Any CPU
	EndGlobalSection
	GlobalSection(ProjectConfigurationPlatforms) = postSolution
		{A885ADCA-BFD9-45EA-AE5B-40E457954AD4}.Debug|Any CPU.ActiveCfg = Debug|Any CPU
		{A885ADCA-BFD9-45EA-AE5B-40E457954AD4}.Debug|Any CPU.Build.0 = Debug|Any CPU
		{A885ADCA-BFD9-45EA-AE5B-40E457954AD4}.Release|Any CPU.ActiveCfg = Release|Any CPU
		{A885ADCA-BFD9-45EA-AE5B-40E457954AD4}.Release|Any CPU.Build.0 = Release|Any CPU
		{48B716B8-716E-4D71-8BD3-0BB4B6E35726}.Debug|Any CPU.ActiveCfg = Debug|Any CPU
		{48B716B8-716E-4D71-8BD3-0BB4B6E35726}.Debug|Any CPU.Build.0 = Debug|Any CPU
		{48B716B8-716E-4D71-8BD3-0BB4B6E35726}.Release|Any CPU.ActiveCfg = Release|Any CPU
		{48B716B8-716E-4D71-8BD3-0BB4B6E35726}.Release|Any CPU.Build.0 = Release|Any CPU
	EndGlobalSection
	GlobalSection(SolutionProperties) = preSolution
		HideSolutionNode = FALSE
	EndGlobalSection
	GlobalSection(ExtensibilityGlobals) = postSolution
		SolutionGuid = {E39D3F0A-B882-49B8-ABFF-BA8BEAB81863}
	EndGlobalSection
EndGlobal
